<?xml version="1.0" encoding="utf-8"?>
<Project ToolsVersion="4.0" xmlns="http://schemas.microsoft.com/developer/msbuild/2003">
  <ItemGroup>
    <ClInclude Include="globals.h">
      <Filter>include</Filter>
    </ClInclude>
    <ClInclude Include="avplay.h">
      <Filter>include</Filter>
    </ClInclude>
  </ItemGroup>
  <ItemGroup>
    <Filter Include="source">
      <UniqueIdentifier>{2cbd1fd8-62c6-4084-b24c-98e91e142d4e}</UniqueIdentifier>
    </Filter>
    <Filter Include="include">
      <UniqueIdentifier>{dd1d3195-d98d-4834-9739-f6e163cb471e}</UniqueIdentifier>
    </Filter>
  </ItemGroup>
  <ItemGroup>
    <ClCompile Include="avplay.c">
      <Filter>source</Filter>
    </ClCompile>
  </ItemGroup>
</Project>