<?xml version="1.0" encoding="utf-8"?>
<Project ToolsVersion="4.0" xmlns="http://schemas.microsoft.com/developer/msbuild/2003">
  <ItemGroup>
    <Filter Include="include">
      <UniqueIdentifier>{676d393f-8086-4f94-818f-117af30eb2ef}</UniqueIdentifier>
    </Filter>
    <Filter Include="source">
      <UniqueIdentifier>{8b138c79-d194-4218-9793-c2a59b83cdc6}</UniqueIdentifier>
    </Filter>
  </ItemGroup>
  <ItemGroup>
    <ClInclude Include="libyk.h">
      <Filter>include</Filter>
    </ClInclude>
    <ClInclude Include="youku_impl.h">
      <Filter>include</Filter>
    </ClInclude>
  </ItemGroup>
  <ItemGroup>
    <ClCompile Include="libyk.cpp">
      <Filter>source</Filter>
    </ClCompile>
    <ClCompile Include="youku_impl.cpp">
      <Filter>source</Filter>
    </ClCompile>
  </ItemGroup>
</Project>